
Microsoft Visual Studio Solution File, Format Version 12.00
# Visual Studio Version 16
VisualStudioVersion = 16.0.31112.23
MinimumVisualStudioVersion = 10.0.40219.1
Project("{FAE04EC0-301F-11D3-BF4B-00C04F79EFBC}") = "Datatypes", "Datatypes\Datatypes.csproj", "{745F3559-D3E8-4932-85A9-99F90566B957}"
EndProject
Global
	GlobalSection(SolutionConfigurationPlatforms) = preSolution
		Debug|Any CPU = Debug|Any CPU
		Release|Any CPU = Release|Any CPU
	EndGlobalSection
	GlobalSection(ProjectConfigurationPlatforms) = postSolution
		{745F3559-D3E8-4932-85A9-99F90566B957}.Debug|Any CPU.ActiveCfg = Debug|Any CPU
		{745F3559-D3E8-4932-85A9-99F90566B957}.Debug|Any CPU.Build.0 = Debug|Any CPU
		{745F3559-D3E8-4932-85A9-99F90566B957}.Release|Any CPU.ActiveCfg = Release|Any CPU
		{745F3559-D3E8-4932-85A9-99F90566B957}.Release|Any CPU.Build.0 = Release|Any CPU
	EndGlobalSection
	GlobalSection(SolutionProperties) = preSolution
		HideSolutionNode = FALSE
	EndGlobalSection
	GlobalSection(ExtensibilityGlobals) = postSolution
		SolutionGuid = {050E0A20-0AB6-42C3-8F29-D7E90C4A2609}
	EndGlobalSection
EndGlobal
