
Microsoft Visual Studio Solution File, Format Version 12.00
# Visual Studio Version 16
VisualStudioVersion = 16.0.31112.23
MinimumVisualStudioVersion = 10.0.40219.1
Project("{FAE04EC0-301F-11D3-BF4B-00C04F79EFBC}") = "4CPeruspalkanlasku", "4CPeruspalkanlasku\4CPeruspalkanlasku.csproj", "{605DEB04-9878-4707-882C-7FE6F88B84BE}"
EndProject
Global
	GlobalSection(SolutionConfigurationPlatforms) = preSolution
		Debug|Any CPU = Debug|Any CPU
		Release|Any CPU = Release|Any CPU
	EndGlobalSection
	GlobalSection(ProjectConfigurationPlatforms) = postSolution
		{605DEB04-9878-4707-882C-7FE6F88B84BE}.Debug|Any CPU.ActiveCfg = Debug|Any CPU
		{605DEB04-9878-4707-882C-7FE6F88B84BE}.Debug|Any CPU.Build.0 = Debug|Any CPU
		{605DEB04-9878-4707-882C-7FE6F88B84BE}.Release|Any CPU.ActiveCfg = Release|Any CPU
		{605DEB04-9878-4707-882C-7FE6F88B84BE}.Release|Any CPU.Build.0 = Release|Any CPU
	EndGlobalSection
	GlobalSection(SolutionProperties) = preSolution
		HideSolutionNode = FALSE
	EndGlobalSection
	GlobalSection(ExtensibilityGlobals) = postSolution
		SolutionGuid = {705B8BE6-B91D-4364-AB12-4FB46E9F78B0}
	EndGlobalSection
EndGlobal
